# THIS IS AN AUTOGENERATED FILE. DO NOT EDIT THIS FILE DIRECTLY.
# yarn lockfile v1


marked@^13.0.1:
  version "13.0.1"
  resolved "https://registry.yarnpkg.com/marked/-/marked-13.0.1.tgz#38386e1ebe9c09bb4db72c8ed9759411cb80fd43"

moment@^2.30.1:
  version "2.30.1"
  resolved "https://registry.yarnpkg.com/moment/-/moment-2.30.1.tgz#f8c91c07b7a786e30c59926df530b4eac96974ae"
