# This file is generated by running "yarn install" inside your project.
# Manual changes might be lost - proceed with caution!

__metadata:
  version: 5
  cacheKey: 8

"lodash@npm:4.17.12":
  version: 4.17.12
  resolution: "lodash@npm:4.17.12"
  checksum: 7bc86ea087f21e361a4bd48fc5da3861b8c2c4c7051bf4b98b7ae93d9987a70b76cb897a7c988a6a87bb7223ba43012a40f9a9faf79aa78be8ad295f507ce7d5
  languageName: node
  linkType: hard

"yarn-v2@workspace:.":
  version: 0.0.0-use.local
  resolution: "yarn-v2@workspace:."
  dependencies:
    lodash: 4.17.12
  languageName: unknown
  linkType: soft
